
Microsoft Visual Studio Solution File, Format Version 12.00
# Visual Studio Version 17
VisualStudioVersion = 17.8.34330.188
MinimumVisualStudioVersion = 10.0.40219.1
Project("{9A19103F-16F7-4668-BE54-9A1E7A4F7556}") = "Behaviour", "Behaviour\Behaviour.csproj", "{29BF27CD-EA6D-4EC6-85B9-2A2EF4372DC1}"
EndProject
Project("{9A19103F-16F7-4668-BE54-9A1E7A4F7556}") = "Sample", "Sample\Sample.csproj", "{24DB51B8-2BE0-4F6E-A75C-472915BAF842}"
EndProject
Project("{FAE04EC0-301F-11D3-BF4B-00C04F79EFBC}") = "Behaviour.Tests", "Behaviour.Tests\Behaviour.Tests.csproj", "{0AC955DD-3C95-4EF1-B392-F9D45BB2AC90}"
EndProject
Global
	GlobalSection(SolutionConfigurationPlatforms) = preSolution
		Debug|Any CPU = Debug|Any CPU
		Release|Any CPU = Release|Any CPU
	EndGlobalSection
	GlobalSection(ProjectConfigurationPlatforms) = postSolution
		{29BF27CD-EA6D-4EC6-85B9-2A2EF4372DC1}.Debug|Any CPU.ActiveCfg = Debug|Any CPU
		{29BF27CD-EA6D-4EC6-85B9-2A2EF4372DC1}.Debug|Any CPU.Build.0 = Debug|Any CPU
		{29BF27CD-EA6D-4EC6-85B9-2A2EF4372DC1}.Release|Any CPU.ActiveCfg = Release|Any CPU
		{29BF27CD-EA6D-4EC6-85B9-2A2EF4372DC1}.Release|Any CPU.Build.0 = Release|Any CPU
		{24DB51B8-2BE0-4F6E-A75C-472915BAF842}.Debug|Any CPU.ActiveCfg = Debug|Any CPU
		{24DB51B8-2BE0-4F6E-A75C-472915BAF842}.Debug|Any CPU.Build.0 = Debug|Any CPU
		{24DB51B8-2BE0-4F6E-A75C-472915BAF842}.Release|Any CPU.ActiveCfg = Release|Any CPU
		{24DB51B8-2BE0-4F6E-A75C-472915BAF842}.Release|Any CPU.Build.0 = Release|Any CPU
		{0AC955DD-3C95-4EF1-B392-F9D45BB2AC90}.Debug|Any CPU.ActiveCfg = Debug|Any CPU
		{0AC955DD-3C95-4EF1-B392-F9D45BB2AC90}.Debug|Any CPU.Build.0 = Debug|Any CPU
		{0AC955DD-3C95-4EF1-B392-F9D45BB2AC90}.Release|Any CPU.ActiveCfg = Release|Any CPU
		{0AC955DD-3C95-4EF1-B392-F9D45BB2AC90}.Release|Any CPU.Build.0 = Release|Any CPU
	EndGlobalSection
	GlobalSection(SolutionProperties) = preSolution
		HideSolutionNode = FALSE
	EndGlobalSection
	GlobalSection(ExtensibilityGlobals) = postSolution
		SolutionGuid = {69CBDE10-E989-4B94-850B-8C94C0D8CAF4}
	EndGlobalSection
EndGlobal
